
Microsoft Visual Studio Solution File, Format Version 12.00
# Visual Studio Version 16
VisualStudioVersion = 16.0.29905.134
MinimumVisualStudioVersion = 10.0.40219.1
Project("{FAE04EC0-301F-11D3-BF4B-00C04F79EFBC}") = "Lab 4", "Lab 4\Lab 4.csproj", "{7FE4EE65-20C4-4410-B9EE-F96D86034266}"
EndProject
Global
	GlobalSection(SolutionConfigurationPlatforms) = preSolution
		Debug|Any CPU = Debug|Any CPU
		Release|Any CPU = Release|Any CPU
	EndGlobalSection
	GlobalSection(ProjectConfigurationPlatforms) = postSolution
		{7FE4EE65-20C4-4410-B9EE-F96D86034266}.Debug|Any CPU.ActiveCfg = Debug|Any CPU
		{7FE4EE65-20C4-4410-B9EE-F96D86034266}.Debug|Any CPU.Build.0 = Debug|Any CPU
		{7FE4EE65-20C4-4410-B9EE-F96D86034266}.Release|Any CPU.ActiveCfg = Release|Any CPU
		{7FE4EE65-20C4-4410-B9EE-F96D86034266}.Release|Any CPU.Build.0 = Release|Any CPU
	EndGlobalSection
	GlobalSection(SolutionProperties) = preSolution
		HideSolutionNode = FALSE
	EndGlobalSection
	GlobalSection(ExtensibilityGlobals) = postSolution
		SolutionGuid = {46A66F28-C244-4E71-AFE1-7092CD8518CE}
	EndGlobalSection
EndGlobal
